
Microsoft Visual Studio Solution File, Format Version 12.00
# Visual Studio Version 17
VisualStudioVersion = 17.8.34004.107
MinimumVisualStudioVersion = 10.0.40219.1
Project("{FAE04EC0-301F-11D3-BF4B-00C04F79EFBC}") = "SOLID", "SingleResponsibility\SOLID.csproj", "{3B917282-42EC-4098-8990-A51F9649B11D}"
EndProject
Project("{2150E333-8FDC-42A3-9474-1A3956D46DE8}") = "Solution Items", "Solution Items", "{3D04C08E-0154-4A3D-886C-9E4DAB575C05}"
	ProjectSection(SolutionItems) = preProject
		MyNotes.txt = MyNotes.txt
	EndProjectSection
EndProject
Global
	GlobalSection(SolutionConfigurationPlatforms) = preSolution
		Debug|Any CPU = Debug|Any CPU
		Release|Any CPU = Release|Any CPU
	EndGlobalSection
	GlobalSection(ProjectConfigurationPlatforms) = postSolution
		{3B917282-42EC-4098-8990-A51F9649B11D}.Debug|Any CPU.ActiveCfg = Debug|Any CPU
		{3B917282-42EC-4098-8990-A51F9649B11D}.Debug|Any CPU.Build.0 = Debug|Any CPU
		{3B917282-42EC-4098-8990-A51F9649B11D}.Release|Any CPU.ActiveCfg = Release|Any CPU
		{3B917282-42EC-4098-8990-A51F9649B11D}.Release|Any CPU.Build.0 = Release|Any CPU
	EndGlobalSection
	GlobalSection(SolutionProperties) = preSolution
		HideSolutionNode = FALSE
	EndGlobalSection
	GlobalSection(ExtensibilityGlobals) = postSolution
		SolutionGuid = {9415F365-9E1D-4DBF-9ECE-3D2E80BA07D3}
	EndGlobalSection
EndGlobal
